
Microsoft Visual Studio Solution File, Format Version 12.00
# Visual Studio 15
VisualStudioVersion = 15.0.28307.705
MinimumVisualStudioVersion = 10.0.40219.1
Project("{FAE04EC0-301F-11D3-BF4B-00C04F79EFBC}") = "taller 3.3", "taller 3.3\taller 3.3.csproj", "{6B95AC73-F86C-470E-800B-38AC61F2FB06}"
EndProject
Global
	GlobalSection(SolutionConfigurationPlatforms) = preSolution
		Debug|Any CPU = Debug|Any CPU
		Release|Any CPU = Release|Any CPU
	EndGlobalSection
	GlobalSection(ProjectConfigurationPlatforms) = postSolution
		{6B95AC73-F86C-470E-800B-38AC61F2FB06}.Debug|Any CPU.ActiveCfg = Debug|Any CPU
		{6B95AC73-F86C-470E-800B-38AC61F2FB06}.Debug|Any CPU.Build.0 = Debug|Any CPU
		{6B95AC73-F86C-470E-800B-38AC61F2FB06}.Release|Any CPU.ActiveCfg = Release|Any CPU
		{6B95AC73-F86C-470E-800B-38AC61F2FB06}.Release|Any CPU.Build.0 = Release|Any CPU
	EndGlobalSection
	GlobalSection(SolutionProperties) = preSolution
		HideSolutionNode = FALSE
	EndGlobalSection
	GlobalSection(ExtensibilityGlobals) = postSolution
		SolutionGuid = {F4B5425E-D382-4452-A26C-5AAECD69F1B6}
	EndGlobalSection
EndGlobal
